
Microsoft Visual Studio Solution File, Format Version 12.00
# Visual Studio Version 16
VisualStudioVersion = 16.0.31424.327
MinimumVisualStudioVersion = 10.0.40219.1
Project("{FAE04EC0-301F-11D3-BF4B-00C04F79EFBC}") = "TownieShared", "TownieShared\TownieShared.csproj", "{D909FC2C-1782-4281-B274-BDDA2176CCEA}"
EndProject
Project("{FAE04EC0-301F-11D3-BF4B-00C04F79EFBC}") = "OfflineProgress", "OfflineProgress\OfflineProgress.csproj", "{3F16FABF-5C59-41CE-817C-DE9B0ACC85EE}"
EndProject
Project("{FAE04EC0-301F-11D3-BF4B-00C04F79EFBC}") = "CropSaver", "CropSaver\CropSaver.csproj", "{47B4A1AA-99EE-4E07-BB96-7F7A8C9CB930}"
EndProject
Global
	GlobalSection(SolutionConfigurationPlatforms) = preSolution
		Debug|Any CPU = Debug|Any CPU
		Release|Any CPU = Release|Any CPU
	EndGlobalSection
	GlobalSection(ProjectConfigurationPlatforms) = postSolution
		{D909FC2C-1782-4281-B274-BDDA2176CCEA}.Debug|Any CPU.ActiveCfg = Debug|Any CPU
		{D909FC2C-1782-4281-B274-BDDA2176CCEA}.Debug|Any CPU.Build.0 = Debug|Any CPU
		{D909FC2C-1782-4281-B274-BDDA2176CCEA}.Release|Any CPU.ActiveCfg = Release|Any CPU
		{D909FC2C-1782-4281-B274-BDDA2176CCEA}.Release|Any CPU.Build.0 = Release|Any CPU
		{3F16FABF-5C59-41CE-817C-DE9B0ACC85EE}.Debug|Any CPU.ActiveCfg = Debug|Any CPU
		{3F16FABF-5C59-41CE-817C-DE9B0ACC85EE}.Debug|Any CPU.Build.0 = Debug|Any CPU
		{3F16FABF-5C59-41CE-817C-DE9B0ACC85EE}.Release|Any CPU.ActiveCfg = Release|Any CPU
		{3F16FABF-5C59-41CE-817C-DE9B0ACC85EE}.Release|Any CPU.Build.0 = Release|Any CPU
		{47B4A1AA-99EE-4E07-BB96-7F7A8C9CB930}.Debug|Any CPU.ActiveCfg = Debug|Any CPU
		{47B4A1AA-99EE-4E07-BB96-7F7A8C9CB930}.Debug|Any CPU.Build.0 = Debug|Any CPU
		{47B4A1AA-99EE-4E07-BB96-7F7A8C9CB930}.Release|Any CPU.ActiveCfg = Release|Any CPU
		{47B4A1AA-99EE-4E07-BB96-7F7A8C9CB930}.Release|Any CPU.Build.0 = Release|Any CPU
	EndGlobalSection
	GlobalSection(SolutionProperties) = preSolution
		HideSolutionNode = FALSE
	EndGlobalSection
	GlobalSection(ExtensibilityGlobals) = postSolution
		SolutionGuid = {B13B041B-2CC0-481F-BB5E-CDE92C8F3E15}
	EndGlobalSection
EndGlobal
