
Microsoft Visual Studio Solution File, Format Version 12.00
# Visual Studio Version 16
VisualStudioVersion = 16.0.31424.327
MinimumVisualStudioVersion = 10.0.40219.1
Project("{FAE04EC0-301F-11D3-BF4B-00C04F79EFBC}") = "CropSaver", "CropSaver\CropSaver.csproj", "{2BC83032-F5DF-4C87-AB6C-903FB4927EDD}"
EndProject
Project("{FAE04EC0-301F-11D3-BF4B-00C04F79EFBC}") = "OfflineProgress", "OfflineProgress\OfflineProgress.csproj", "{9F661720-BF05-4374-BF0C-C2B7CC493B28}"
EndProject
Global
	GlobalSection(SolutionConfigurationPlatforms) = preSolution
		Debug|Any CPU = Debug|Any CPU
		Release|Any CPU = Release|Any CPU
	EndGlobalSection
	GlobalSection(ProjectConfigurationPlatforms) = postSolution
		{2BC83032-F5DF-4C87-AB6C-903FB4927EDD}.Debug|Any CPU.ActiveCfg = Debug|Any CPU
		{2BC83032-F5DF-4C87-AB6C-903FB4927EDD}.Debug|Any CPU.Build.0 = Debug|Any CPU
		{2BC83032-F5DF-4C87-AB6C-903FB4927EDD}.Release|Any CPU.ActiveCfg = Release|Any CPU
		{2BC83032-F5DF-4C87-AB6C-903FB4927EDD}.Release|Any CPU.Build.0 = Release|Any CPU
		{9F661720-BF05-4374-BF0C-C2B7CC493B28}.Debug|Any CPU.ActiveCfg = Debug|Any CPU
		{9F661720-BF05-4374-BF0C-C2B7CC493B28}.Debug|Any CPU.Build.0 = Debug|Any CPU
		{9F661720-BF05-4374-BF0C-C2B7CC493B28}.Release|Any CPU.ActiveCfg = Release|Any CPU
		{9F661720-BF05-4374-BF0C-C2B7CC493B28}.Release|Any CPU.Build.0 = Release|Any CPU
	EndGlobalSection
	GlobalSection(SolutionProperties) = preSolution
		HideSolutionNode = FALSE
	EndGlobalSection
	GlobalSection(ExtensibilityGlobals) = postSolution
		SolutionGuid = {B13B041B-2CC0-481F-BB5E-CDE92C8F3E15}
	EndGlobalSection
EndGlobal
